
Microsoft Visual Studio Solution File, Format Version 12.00
# Visual Studio Version 17
Project("{8BC9CEB8-8B4A-11D0-8D11-00A0C91BC942}") = "ALL_BUILD", "ALL_BUILD.vcxproj", "{A5303984-A06B-3A63-98A8-43EFC527F84F}"
	ProjectSection(ProjectDependencies) = postProject
		{A457BBEF-E77A-3250-9CF3-5BFE4075F2E6} = {A457BBEF-E77A-3250-9CF3-5BFE4075F2E6}
		{C06F2066-A783-3B69-87AA-47AE1299C0B6} = {C06F2066-A783-3B69-87AA-47AE1299C0B6}
	EndProjectSection
EndProject
Project("{8BC9CEB8-8B4A-11D0-8D11-00A0C91BC942}") = "GateServer", "GateServer.vcxproj", "{A457BBEF-E77A-3250-9CF3-5BFE4075F2E6}"
	ProjectSection(ProjectDependencies) = postProject
		{C06F2066-A783-3B69-87AA-47AE1299C0B6} = {C06F2066-A783-3B69-87AA-47AE1299C0B6}
	EndProjectSection
EndProject
Project("{8BC9CEB8-8B4A-11D0-8D11-00A0C91BC942}") = "ZERO_CHECK", "ZERO_CHECK.vcxproj", "{C06F2066-A783-3B69-87AA-47AE1299C0B6}"
	ProjectSection(ProjectDependencies) = postProject
	EndProjectSection
EndProject
Global
	GlobalSection(SolutionConfigurationPlatforms) = preSolution
		Debug|x64 = Debug|x64
		Release|x64 = Release|x64
		MinSizeRel|x64 = MinSizeRel|x64
		RelWithDebInfo|x64 = RelWithDebInfo|x64
	EndGlobalSection
	GlobalSection(ProjectConfigurationPlatforms) = postSolution
		{A5303984-A06B-3A63-98A8-43EFC527F84F}.Debug|x64.ActiveCfg = Debug|x64
		{A5303984-A06B-3A63-98A8-43EFC527F84F}.Release|x64.ActiveCfg = Release|x64
		{A5303984-A06B-3A63-98A8-43EFC527F84F}.MinSizeRel|x64.ActiveCfg = MinSizeRel|x64
		{A5303984-A06B-3A63-98A8-43EFC527F84F}.RelWithDebInfo|x64.ActiveCfg = RelWithDebInfo|x64
		{A457BBEF-E77A-3250-9CF3-5BFE4075F2E6}.Debug|x64.ActiveCfg = Debug|x64
		{A457BBEF-E77A-3250-9CF3-5BFE4075F2E6}.Debug|x64.Build.0 = Debug|x64
		{A457BBEF-E77A-3250-9CF3-5BFE4075F2E6}.Release|x64.ActiveCfg = Release|x64
		{A457BBEF-E77A-3250-9CF3-5BFE4075F2E6}.Release|x64.Build.0 = Release|x64
		{A457BBEF-E77A-3250-9CF3-5BFE4075F2E6}.MinSizeRel|x64.ActiveCfg = MinSizeRel|x64
		{A457BBEF-E77A-3250-9CF3-5BFE4075F2E6}.MinSizeRel|x64.Build.0 = MinSizeRel|x64
		{A457BBEF-E77A-3250-9CF3-5BFE4075F2E6}.RelWithDebInfo|x64.ActiveCfg = RelWithDebInfo|x64
		{A457BBEF-E77A-3250-9CF3-5BFE4075F2E6}.RelWithDebInfo|x64.Build.0 = RelWithDebInfo|x64
		{C06F2066-A783-3B69-87AA-47AE1299C0B6}.Debug|x64.ActiveCfg = Debug|x64
		{C06F2066-A783-3B69-87AA-47AE1299C0B6}.Debug|x64.Build.0 = Debug|x64
		{C06F2066-A783-3B69-87AA-47AE1299C0B6}.Release|x64.ActiveCfg = Release|x64
		{C06F2066-A783-3B69-87AA-47AE1299C0B6}.Release|x64.Build.0 = Release|x64
		{C06F2066-A783-3B69-87AA-47AE1299C0B6}.MinSizeRel|x64.ActiveCfg = MinSizeRel|x64
		{C06F2066-A783-3B69-87AA-47AE1299C0B6}.MinSizeRel|x64.Build.0 = MinSizeRel|x64
		{C06F2066-A783-3B69-87AA-47AE1299C0B6}.RelWithDebInfo|x64.ActiveCfg = RelWithDebInfo|x64
		{C06F2066-A783-3B69-87AA-47AE1299C0B6}.RelWithDebInfo|x64.Build.0 = RelWithDebInfo|x64
	EndGlobalSection
	GlobalSection(ExtensibilityGlobals) = postSolution
		SolutionGuid = {6AEEF745-DEEB-30F9-9121-B43671274ECD}
	EndGlobalSection
	GlobalSection(ExtensibilityAddIns) = postSolution
	EndGlobalSection
EndGlobal
