
Microsoft Visual Studio Solution File, Format Version 12.00
# Visual Studio Version 17
Project("{8BC9CEB8-8B4A-11D0-8D11-00A0C91BC942}") = "ALL_BUILD", "ALL_BUILD.vcxproj", "{D34180E8-A0D4-3FCB-9D34-823783E38023}"
	ProjectSection(ProjectDependencies) = postProject
		{BD897411-1A48-30AD-8C5C-A16F76B2A224} = {BD897411-1A48-30AD-8C5C-A16F76B2A224}
		{20F16D2A-D931-3D16-8D5D-E18C835FD5BB} = {20F16D2A-D931-3D16-8D5D-E18C835FD5BB}
	EndProjectSection
EndProject
Project("{8BC9CEB8-8B4A-11D0-8D11-00A0C91BC942}") = "GateServer", "GateServer.vcxproj", "{BD897411-1A48-30AD-8C5C-A16F76B2A224}"
	ProjectSection(ProjectDependencies) = postProject
		{20F16D2A-D931-3D16-8D5D-E18C835FD5BB} = {20F16D2A-D931-3D16-8D5D-E18C835FD5BB}
	EndProjectSection
EndProject
Project("{8BC9CEB8-8B4A-11D0-8D11-00A0C91BC942}") = "ZERO_CHECK", "ZERO_CHECK.vcxproj", "{20F16D2A-D931-3D16-8D5D-E18C835FD5BB}"
	ProjectSection(ProjectDependencies) = postProject
	EndProjectSection
EndProject
Global
	GlobalSection(SolutionConfigurationPlatforms) = preSolution
		Debug|x64 = Debug|x64
		Release|x64 = Release|x64
		MinSizeRel|x64 = MinSizeRel|x64
		RelWithDebInfo|x64 = RelWithDebInfo|x64
	EndGlobalSection
	GlobalSection(ProjectConfigurationPlatforms) = postSolution
		{D34180E8-A0D4-3FCB-9D34-823783E38023}.Debug|x64.ActiveCfg = Debug|x64
		{D34180E8-A0D4-3FCB-9D34-823783E38023}.Release|x64.ActiveCfg = Release|x64
		{D34180E8-A0D4-3FCB-9D34-823783E38023}.MinSizeRel|x64.ActiveCfg = MinSizeRel|x64
		{D34180E8-A0D4-3FCB-9D34-823783E38023}.RelWithDebInfo|x64.ActiveCfg = RelWithDebInfo|x64
		{BD897411-1A48-30AD-8C5C-A16F76B2A224}.Debug|x64.ActiveCfg = Debug|x64
		{BD897411-1A48-30AD-8C5C-A16F76B2A224}.Debug|x64.Build.0 = Debug|x64
		{BD897411-1A48-30AD-8C5C-A16F76B2A224}.Release|x64.ActiveCfg = Release|x64
		{BD897411-1A48-30AD-8C5C-A16F76B2A224}.Release|x64.Build.0 = Release|x64
		{BD897411-1A48-30AD-8C5C-A16F76B2A224}.MinSizeRel|x64.ActiveCfg = MinSizeRel|x64
		{BD897411-1A48-30AD-8C5C-A16F76B2A224}.MinSizeRel|x64.Build.0 = MinSizeRel|x64
		{BD897411-1A48-30AD-8C5C-A16F76B2A224}.RelWithDebInfo|x64.ActiveCfg = RelWithDebInfo|x64
		{BD897411-1A48-30AD-8C5C-A16F76B2A224}.RelWithDebInfo|x64.Build.0 = RelWithDebInfo|x64
		{20F16D2A-D931-3D16-8D5D-E18C835FD5BB}.Debug|x64.ActiveCfg = Debug|x64
		{20F16D2A-D931-3D16-8D5D-E18C835FD5BB}.Debug|x64.Build.0 = Debug|x64
		{20F16D2A-D931-3D16-8D5D-E18C835FD5BB}.Release|x64.ActiveCfg = Release|x64
		{20F16D2A-D931-3D16-8D5D-E18C835FD5BB}.Release|x64.Build.0 = Release|x64
		{20F16D2A-D931-3D16-8D5D-E18C835FD5BB}.MinSizeRel|x64.ActiveCfg = MinSizeRel|x64
		{20F16D2A-D931-3D16-8D5D-E18C835FD5BB}.MinSizeRel|x64.Build.0 = MinSizeRel|x64
		{20F16D2A-D931-3D16-8D5D-E18C835FD5BB}.RelWithDebInfo|x64.ActiveCfg = RelWithDebInfo|x64
		{20F16D2A-D931-3D16-8D5D-E18C835FD5BB}.RelWithDebInfo|x64.Build.0 = RelWithDebInfo|x64
	EndGlobalSection
	GlobalSection(ExtensibilityGlobals) = postSolution
		SolutionGuid = {D1CAF229-F427-3766-B807-55CE8DDA1F62}
	EndGlobalSection
	GlobalSection(ExtensibilityAddIns) = postSolution
	EndGlobalSection
EndGlobal
